// !$*UTF8*$!
{
	archiveVersion = 1;
	classes = {
	};
	objectVersion = 46;
	objects = {

/* Begin PBXBuildFile section */
		88057F99C098F9FCF7662C09 /* libPods-ShazamScrobbler.a in Frameworks */ = {isa = PBXBuildFile; fileRef = F1D54F44336C30EFCD2B7952 /* libPods-ShazamScrobbler.a */; };
		F46159EB1BB343DA00AF80BC /* ShazamScrobblerTests.m in Sources */ = {isa = PBXBuildFile; fileRef = F46159EA1BB343DA00AF80BC /* ShazamScrobblerTests.m */; settings = {ASSET_TAGS = (); }; };
		F46C01081BB34811007E4265 /* LoginViewController.xib in Resources */ = {isa = PBXBuildFile; fileRef = F47C95F21BB33F67004B1254 /* LoginViewController.xib */; };
		F47C95EF1BB33F5E004B1254 /* AppDelegate.m in Sources */ = {isa = PBXBuildFile; fileRef = F47C95EE1BB33F5E004B1254 /* AppDelegate.m */; settings = {ASSET_TAGS = (); }; };
		F47C95F31BB33F67004B1254 /* LoginViewController.m in Sources */ = {isa = PBXBuildFile; fileRef = F47C95F11BB33F67004B1254 /* LoginViewController.m */; settings = {ASSET_TAGS = (); }; };
		F47C95F71BB33F75004B1254 /* MenuController.m in Sources */ = {isa = PBXBuildFile; fileRef = F47C95F61BB33F75004B1254 /* MenuController.m */; settings = {ASSET_TAGS = (); }; };
		F47C95FA1BB33F85004B1254 /* ShazamController.m in Sources */ = {isa = PBXBuildFile; fileRef = F47C95F91BB33F85004B1254 /* ShazamController.m */; settings = {ASSET_TAGS = (); }; };
		F47C95FD1BB33F8A004B1254 /* ShazamConstants.m in Sources */ = {isa = PBXBuildFile; fileRef = F47C95FC1BB33F8A004B1254 /* ShazamConstants.m */; settings = {ASSET_TAGS = (); }; };
		F47C96021BB33F95004B1254 /* LastFmConstants.m in Sources */ = {isa = PBXBuildFile; fileRef = F47C95FF1BB33F95004B1254 /* LastFmConstants.m */; settings = {ASSET_TAGS = (); }; };
		F47C96031BB33F95004B1254 /* LastFmController.m in Sources */ = {isa = PBXBuildFile; fileRef = F47C96011BB33F95004B1254 /* LastFmController.m */; settings = {ASSET_TAGS = (); }; };
		F47C96061BB33FA4004B1254 /* Song.m in Sources */ = {isa = PBXBuildFile; fileRef = F47C96051BB33FA4004B1254 /* Song.m */; settings = {ASSET_TAGS = (); }; };
		F47C96081BB33FAD004B1254 /* Images.xcassets in Resources */ = {isa = PBXBuildFile; fileRef = F47C96071BB33FAD004B1254 /* Images.xcassets */; settings = {ASSET_TAGS = (); }; };
		F47C960D1BB33FC1004B1254 /* main.m in Sources */ = {isa = PBXBuildFile; fileRef = F47C960C1BB33FC1004B1254 /* main.m */; settings = {ASSET_TAGS = (); }; };
		F47C96101BB3415B004B1254 /* MainMenu.xib in Resources */ = {isa = PBXBuildFile; fileRef = F47C960E1BB3415B004B1254 /* MainMenu.xib */; settings = {ASSET_TAGS = (); }; };
		F47C96151BB34171004B1254 /* Credits.rtf in Resources */ = {isa = PBXBuildFile; fileRef = F47C96111BB34171004B1254 /* Credits.rtf */; settings = {ASSET_TAGS = (); }; };
		F47C96161BB34171004B1254 /* InfoPlist.strings in Resources */ = {isa = PBXBuildFile; fileRef = F47C96131BB34171004B1254 /* InfoPlist.strings */; settings = {ASSET_TAGS = (); }; };
		F48D994F19C8B0A80062A5FA /* Cocoa.framework in Frameworks */ = {isa = PBXBuildFile; fileRef = F48D994E19C8B0A80062A5FA /* Cocoa.framework */; };
		F48D996E19C8B0A90062A5FA /* XCTest.framework in Frameworks */ = {isa = PBXBuildFile; fileRef = F48D996D19C8B0A90062A5FA /* XCTest.framework */; };
		F48D996F19C8B0A90062A5FA /* Cocoa.framework in Frameworks */ = {isa = PBXBuildFile; fileRef = F48D994E19C8B0A80062A5FA /* Cocoa.framework */; };
		F48D997719C8B0A90062A5FA /* InfoPlist.strings in Resources */ = {isa = PBXBuildFile; fileRef = F48D997519C8B0A90062A5FA /* InfoPlist.strings */; };
		F4E447771BB5C89300ABD578 /* MenuConstants.m in Sources */ = {isa = PBXBuildFile; fileRef = F4E447761BB5C89300ABD578 /* MenuConstants.m */; settings = {ASSET_TAGS = (); }; };
		F4E4477B1BB5EDBC00ABD578 /* AboutWindowController.m in Sources */ = {isa = PBXBuildFile; fileRef = F4E447791BB5EDBC00ABD578 /* AboutWindowController.m */; settings = {ASSET_TAGS = (); }; };
		F4E4477C1BB5EDBC00ABD578 /* AboutWindowController.xib in Resources */ = {isa = PBXBuildFile; fileRef = F4E4477A1BB5EDBC00ABD578 /* AboutWindowController.xib */; settings = {ASSET_TAGS = (); }; };
		F4E447811BB600D700ABD578 /* LaunchAtLoginController.m in Sources */ = {isa = PBXBuildFile; fileRef = F4E447801BB600D700ABD578 /* LaunchAtLoginController.m */; settings = {ASSET_TAGS = (); }; };
/* End PBXBuildFile section */

/* Begin PBXContainerItemProxy section */
		F48D997019C8B0A90062A5FA /* PBXContainerItemProxy */ = {
			isa = PBXContainerItemProxy;
			containerPortal = F48D994319C8B0A80062A5FA /* Project object */;
			proxyType = 1;
			remoteGlobalIDString = F48D994A19C8B0A80062A5FA;
			remoteInfo = ShazamScrobbler;
		};
/* End PBXContainerItemProxy section */

/* Begin PBXFileReference section */
		4B9E27D7E31129FA39066262 /* Pods-ShazamScrobbler.debug.xcconfig */ = {isa = PBXFileReference; includeInIndex = 1; lastKnownFileType = text.xcconfig; name = "Pods-ShazamScrobbler.debug.xcconfig"; path = "Pods/Target Support Files/Pods-ShazamScrobbler/Pods-ShazamScrobbler.debug.xcconfig"; sourceTree = "<group>"; };
		4BCA43A90BC62D978160565B /* Pods-ShazamScrobbler.release.xcconfig */ = {isa = PBXFileReference; includeInIndex = 1; lastKnownFileType = text.xcconfig; name = "Pods-ShazamScrobbler.release.xcconfig"; path = "Pods/Target Support Files/Pods-ShazamScrobbler/Pods-ShazamScrobbler.release.xcconfig"; sourceTree = "<group>"; };
		F1D54F44336C30EFCD2B7952 /* libPods-ShazamScrobbler.a */ = {isa = PBXFileReference; explicitFileType = archive.ar; includeInIndex = 0; path = "libPods-ShazamScrobbler.a"; sourceTree = BUILT_PRODUCTS_DIR; };
		F46159EA1BB343DA00AF80BC /* ShazamScrobblerTests.m */ = {isa = PBXFileReference; fileEncoding = 4; lastKnownFileType = sourcecode.c.objc; path = ShazamScrobblerTests.m; sourceTree = "<group>"; };
		F47C95ED1BB33F5E004B1254 /* AppDelegate.h */ = {isa = PBXFileReference; fileEncoding = 4; lastKnownFileType = sourcecode.c.h; name = AppDelegate.h; path = ShazamScrobbler/AppDelegate.h; sourceTree = SOURCE_ROOT; };
		F47C95EE1BB33F5E004B1254 /* AppDelegate.m */ = {isa = PBXFileReference; fileEncoding = 4; lastKnownFileType = sourcecode.c.objc; name = AppDelegate.m; path = ShazamScrobbler/AppDelegate.m; sourceTree = SOURCE_ROOT; };
		F47C95F01BB33F67004B1254 /* LoginViewController.h */ = {isa = PBXFileReference; fileEncoding = 4; lastKnownFileType = sourcecode.c.h; name = LoginViewController.h; path = ShazamScrobbler/LoginViewController.h; sourceTree = SOURCE_ROOT; };
		F47C95F11BB33F67004B1254 /* LoginViewController.m */ = {isa = PBXFileReference; fileEncoding = 4; lastKnownFileType = sourcecode.c.objc; name = LoginViewController.m; path = ShazamScrobbler/LoginViewController.m; sourceTree = SOURCE_ROOT; };
		F47C95F21BB33F67004B1254 /* LoginViewController.xib */ = {isa = PBXFileReference; fileEncoding = 4; lastKnownFileType = file.xib; name = LoginViewController.xib; path = ShazamScrobbler/LoginViewController.xib; sourceTree = SOURCE_ROOT; };
		F47C95F51BB33F75004B1254 /* MenuController.h */ = {isa = PBXFileReference; fileEncoding = 4; lastKnownFileType = sourcecode.c.h; name = MenuController.h; path = ShazamScrobbler/MenuController.h; sourceTree = SOURCE_ROOT; };
		F47C95F61BB33F75004B1254 /* MenuController.m */ = {isa = PBXFileReference; fileEncoding = 4; lastKnownFileType = sourcecode.c.objc; name = MenuController.m; path = ShazamScrobbler/MenuController.m; sourceTree = SOURCE_ROOT; };
		F47C95F81BB33F85004B1254 /* ShazamController.h */ = {isa = PBXFileReference; fileEncoding = 4; lastKnownFileType = sourcecode.c.h; name = ShazamController.h; path = ShazamScrobbler/ShazamController.h; sourceTree = SOURCE_ROOT; };
		F47C95F91BB33F85004B1254 /* ShazamController.m */ = {isa = PBXFileReference; fileEncoding = 4; lastKnownFileType = sourcecode.c.objc; name = ShazamController.m; path = ShazamScrobbler/ShazamController.m; sourceTree = SOURCE_ROOT; };
		F47C95FB1BB33F8A004B1254 /* ShazamConstants.h */ = {isa = PBXFileReference; fileEncoding = 4; lastKnownFileType = sourcecode.c.h; name = ShazamConstants.h; path = ShazamScrobbler/ShazamConstants.h; sourceTree = SOURCE_ROOT; };
		F47C95FC1BB33F8A004B1254 /* ShazamConstants.m */ = {isa = PBXFileReference; fileEncoding = 4; lastKnownFileType = sourcecode.c.objc; name = ShazamConstants.m; path = ShazamScrobbler/ShazamConstants.m; sourceTree = SOURCE_ROOT; };
		F47C95FE1BB33F95004B1254 /* LastFmConstants.h */ = {isa = PBXFileReference; fileEncoding = 4; lastKnownFileType = sourcecode.c.h; name = LastFmConstants.h; path = ShazamScrobbler/LastFmConstants.h; sourceTree = SOURCE_ROOT; };
		F47C95FF1BB33F95004B1254 /* LastFmConstants.m */ = {isa = PBXFileReference; fileEncoding = 4; lastKnownFileType = sourcecode.c.objc; name = LastFmConstants.m; path = ShazamScrobbler/LastFmConstants.m; sourceTree = SOURCE_ROOT; };
		F47C96001BB33F95004B1254 /* LastFmController.h */ = {isa = PBXFileReference; fileEncoding = 4; lastKnownFileType = sourcecode.c.h; name = LastFmController.h; path = ShazamScrobbler/LastFmController.h; sourceTree = SOURCE_ROOT; };
		F47C96011BB33F95004B1254 /* LastFmController.m */ = {isa = PBXFileReference; fileEncoding = 4; lastKnownFileType = sourcecode.c.objc; name = LastFmController.m; path = ShazamScrobbler/LastFmController.m; sourceTree = SOURCE_ROOT; };
		F47C96041BB33FA4004B1254 /* Song.h */ = {isa = PBXFileReference; fileEncoding = 4; lastKnownFileType = sourcecode.c.h; name = Song.h; path = ShazamScrobbler/Song.h; sourceTree = SOURCE_ROOT; };
		F47C96051BB33FA4004B1254 /* Song.m */ = {isa = PBXFileReference; fileEncoding = 4; lastKnownFileType = sourcecode.c.objc; name = Song.m; path = ShazamScrobbler/Song.m; sourceTree = SOURCE_ROOT; };
		F47C96071BB33FAD004B1254 /* Images.xcassets */ = {isa = PBXFileReference; lastKnownFileType = folder.assetcatalog; name = Images.xcassets; path = ShazamScrobbler/Images.xcassets; sourceTree = SOURCE_ROOT; };
		F47C96091BB33FBB004B1254 /* ShazamScrobbler-Info.plist */ = {isa = PBXFileReference; fileEncoding = 4; lastKnownFileType = text.plist.xml; name = "ShazamScrobbler-Info.plist"; path = "ShazamScrobbler/ShazamScrobbler-Info.plist"; sourceTree = SOURCE_ROOT; };
		F47C960A1BB33FBB004B1254 /* ShazamScrobbler-Prefix.pch */ = {isa = PBXFileReference; fileEncoding = 4; lastKnownFileType = sourcecode.c.h; name = "ShazamScrobbler-Prefix.pch"; path = "ShazamScrobbler/ShazamScrobbler-Prefix.pch"; sourceTree = SOURCE_ROOT; };
		F47C960C1BB33FC1004B1254 /* main.m */ = {isa = PBXFileReference; fileEncoding = 4; lastKnownFileType = sourcecode.c.objc; name = main.m; path = ShazamScrobbler/main.m; sourceTree = SOURCE_ROOT; };
		F47C960F1BB3415B004B1254 /* Base */ = {isa = PBXFileReference; lastKnownFileType = file.xib; name = Base; path = ShazamScrobbler/Base.lproj/MainMenu.xib; sourceTree = SOURCE_ROOT; };
		F47C96121BB34171004B1254 /* en */ = {isa = PBXFileReference; lastKnownFileType = text.rtf; name = en; path = ShazamScrobbler/en.lproj/Credits.rtf; sourceTree = SOURCE_ROOT; };
		F47C96141BB34171004B1254 /* en */ = {isa = PBXFileReference; lastKnownFileType = text.plist.strings; name = en; path = ShazamScrobbler/en.lproj/InfoPlist.strings; sourceTree = SOURCE_ROOT; };
		F48D994B19C8B0A80062A5FA /* ShazamScrobbler.app */ = {isa = PBXFileReference; explicitFileType = wrapper.application; includeInIndex = 0; path = ShazamScrobbler.app; sourceTree = BUILT_PRODUCTS_DIR; };
		F48D994E19C8B0A80062A5FA /* Cocoa.framework */ = {isa = PBXFileReference; lastKnownFileType = wrapper.framework; name = Cocoa.framework; path = System/Library/Frameworks/Cocoa.framework; sourceTree = SDKROOT; };
		F48D995119C8B0A80062A5FA /* AppKit.framework */ = {isa = PBXFileReference; lastKnownFileType = wrapper.framework; name = AppKit.framework; path = System/Library/Frameworks/AppKit.framework; sourceTree = SDKROOT; };
		F48D995219C8B0A80062A5FA /* CoreData.framework */ = {isa = PBXFileReference; lastKnownFileType = wrapper.framework; name = CoreData.framework; path = System/Library/Frameworks/CoreData.framework; sourceTree = SDKROOT; };
		F48D995319C8B0A80062A5FA /* Foundation.framework */ = {isa = PBXFileReference; lastKnownFileType = wrapper.framework; name = Foundation.framework; path = System/Library/Frameworks/Foundation.framework; sourceTree = SDKROOT; };
		F48D996C19C8B0A90062A5FA /* ShazamScrobblerTests.xctest */ = {isa = PBXFileReference; explicitFileType = wrapper.cfbundle; includeInIndex = 0; path = ShazamScrobblerTests.xctest; sourceTree = BUILT_PRODUCTS_DIR; };
		F48D996D19C8B0A90062A5FA /* XCTest.framework */ = {isa = PBXFileReference; lastKnownFileType = wrapper.framework; name = XCTest.framework; path = Library/Frameworks/XCTest.framework; sourceTree = DEVELOPER_DIR; };
		F48D997419C8B0A90062A5FA /* ShazamScrobblerTests-Info.plist */ = {isa = PBXFileReference; lastKnownFileType = text.plist.xml; path = "ShazamScrobblerTests-Info.plist"; sourceTree = "<group>"; };
		F48D997619C8B0A90062A5FA /* en */ = {isa = PBXFileReference; lastKnownFileType = text.plist.strings; name = en; path = en.lproj/InfoPlist.strings; sourceTree = "<group>"; };
		F4E447751BB5C89300ABD578 /* MenuConstants.h */ = {isa = PBXFileReference; fileEncoding = 4; lastKnownFileType = sourcecode.c.h; path = MenuConstants.h; sourceTree = "<group>"; };
		F4E447761BB5C89300ABD578 /* MenuConstants.m */ = {isa = PBXFileReference; fileEncoding = 4; lastKnownFileType = sourcecode.c.objc; path = MenuConstants.m; sourceTree = "<group>"; };
		F4E447781BB5EDBC00ABD578 /* AboutWindowController.h */ = {isa = PBXFileReference; fileEncoding = 4; lastKnownFileType = sourcecode.c.h; path = AboutWindowController.h; sourceTree = "<group>"; };
		F4E447791BB5EDBC00ABD578 /* AboutWindowController.m */ = {isa = PBXFileReference; fileEncoding = 4; lastKnownFileType = sourcecode.c.objc; path = AboutWindowController.m; sourceTree = "<group>"; };
		F4E4477A1BB5EDBC00ABD578 /* AboutWindowController.xib */ = {isa = PBXFileReference; fileEncoding = 4; lastKnownFileType = file.xib; path = AboutWindowController.xib; sourceTree = "<group>"; };
		F4E4477F1BB600D700ABD578 /* LaunchAtLoginController.h */ = {isa = PBXFileReference; fileEncoding = 4; lastKnownFileType = sourcecode.c.h; path = LaunchAtLoginController.h; sourceTree = "<group>"; };
		F4E447801BB600D700ABD578 /* LaunchAtLoginController.m */ = {isa = PBXFileReference; fileEncoding = 4; lastKnownFileType = sourcecode.c.objc; path = LaunchAtLoginController.m; sourceTree = "<group>"; };
/* End PBXFileReference section */

/* Begin PBXFrameworksBuildPhase section */
		F48D994819C8B0A80062A5FA /* Frameworks */ = {
			isa = PBXFrameworksBuildPhase;
			buildActionMask = 2147483647;
			files = (
				F48D994F19C8B0A80062A5FA /* Cocoa.framework in Frameworks */,
				88057F99C098F9FCF7662C09 /* libPods-ShazamScrobbler.a in Frameworks */,
			);
			runOnlyForDeploymentPostprocessing = 0;
		};
		F48D996919C8B0A90062A5FA /* Frameworks */ = {
			isa = PBXFrameworksBuildPhase;
			buildActionMask = 2147483647;
			files = (
				F48D996F19C8B0A90062A5FA /* Cocoa.framework in Frameworks */,
				F48D996E19C8B0A90062A5FA /* XCTest.framework in Frameworks */,
			);
			runOnlyForDeploymentPostprocessing = 0;
		};
/* End PBXFrameworksBuildPhase section */

/* Begin PBXGroup section */
		69762544D2C3DF87E17D4C77 /* Pods */ = {
			isa = PBXGroup;
			children = (
				4B9E27D7E31129FA39066262 /* Pods-ShazamScrobbler.debug.xcconfig */,
				4BCA43A90BC62D978160565B /* Pods-ShazamScrobbler.release.xcconfig */,
			);
			name = Pods;
			sourceTree = "<group>";
		};
		F40A38D11BAAF04F001CE3AD /* Menu */ = {
			isa = PBXGroup;
			children = (
				F47C95F51BB33F75004B1254 /* MenuController.h */,
				F47C95F61BB33F75004B1254 /* MenuController.m */,
				F4E447751BB5C89300ABD578 /* MenuConstants.h */,
				F4E447761BB5C89300ABD578 /* MenuConstants.m */,
			);
			name = Menu;
			sourceTree = "<group>";
		};
		F469F3311BAE01BB00C1B352 /* LoginViewController */ = {
			isa = PBXGroup;
			children = (
				F47C95F01BB33F67004B1254 /* LoginViewController.h */,
				F47C95F11BB33F67004B1254 /* LoginViewController.m */,
				F47C95F21BB33F67004B1254 /* LoginViewController.xib */,
			);
			name = LoginViewController;
			sourceTree = "<group>";
		};
		F46C5D2A19E728F1003F57AF /* LastFm */ = {
			isa = PBXGroup;
			children = (
				F47C96001BB33F95004B1254 /* LastFmController.h */,
				F47C96011BB33F95004B1254 /* LastFmController.m */,
				F47C95FE1BB33F95004B1254 /* LastFmConstants.h */,
				F47C95FF1BB33F95004B1254 /* LastFmConstants.m */,
			);
			name = LastFm;
			sourceTree = "<group>";
		};
		F46C5D2B19E728FC003F57AF /* Models */ = {
			isa = PBXGroup;
			children = (
				F47C96041BB33FA4004B1254 /* Song.h */,
				F47C96051BB33FA4004B1254 /* Song.m */,
			);
			name = Models;
			sourceTree = "<group>";
		};
		F46C5D3219E72C79003F57AF /* Shazam */ = {
			isa = PBXGroup;
			children = (
				F47C95F81BB33F85004B1254 /* ShazamController.h */,
				F47C95F91BB33F85004B1254 /* ShazamController.m */,
				F47C95FB1BB33F8A004B1254 /* ShazamConstants.h */,
				F47C95FC1BB33F8A004B1254 /* ShazamConstants.m */,
			);
			name = Shazam;
			sourceTree = "<group>";
		};
		F46C5D3619E743E6003F57AF /* User Interface */ = {
			isa = PBXGroup;
			children = (
				F47C960E1BB3415B004B1254 /* MainMenu.xib */,
			);
			name = "User Interface";
			sourceTree = "<group>";
		};
		F46C5D4119E74459003F57AF /* Views */ = {
			isa = PBXGroup;
			children = (
				F469F3311BAE01BB00C1B352 /* LoginViewController */,
				F4E4477D1BB5EDC100ABD578 /* AboutWindowController */,
			);
			name = Views;
			sourceTree = "<group>";
		};
		F46C5D4B19E744B3003F57AF /* Controllers */ = {
			isa = PBXGroup;
			children = (
				F47C95ED1BB33F5E004B1254 /* AppDelegate.h */,
				F47C95EE1BB33F5E004B1254 /* AppDelegate.m */,
				F40A38D11BAAF04F001CE3AD /* Menu */,
				F46C5D3219E72C79003F57AF /* Shazam */,
				F46C5D2A19E728F1003F57AF /* LastFm */,
				F4E4477E1BB600B000ABD578 /* LaunchAtLogin */,
			);
			name = Controllers;
			sourceTree = "<group>";
		};
		F48D994219C8B0A80062A5FA = {
			isa = PBXGroup;
			children = (
				F48D995419C8B0A80062A5FA /* ShazamScrobbler */,
				F48D997219C8B0A90062A5FA /* ShazamScrobblerTests */,
				F48D994D19C8B0A80062A5FA /* Frameworks */,
				F48D994C19C8B0A80062A5FA /* Products */,
				69762544D2C3DF87E17D4C77 /* Pods */,
			);
			sourceTree = "<group>";
		};
		F48D994C19C8B0A80062A5FA /* Products */ = {
			isa = PBXGroup;
			children = (
				F48D994B19C8B0A80062A5FA /* ShazamScrobbler.app */,
				F48D996C19C8B0A90062A5FA /* ShazamScrobblerTests.xctest */,
			);
			name = Products;
			sourceTree = "<group>";
		};
		F48D994D19C8B0A80062A5FA /* Frameworks */ = {
			isa = PBXGroup;
			children = (
				F48D994E19C8B0A80062A5FA /* Cocoa.framework */,
				F48D996D19C8B0A90062A5FA /* XCTest.framework */,
				F48D995019C8B0A80062A5FA /* Other Frameworks */,
				F1D54F44336C30EFCD2B7952 /* libPods-ShazamScrobbler.a */,
			);
			name = Frameworks;
			sourceTree = "<group>";
		};
		F48D995019C8B0A80062A5FA /* Other Frameworks */ = {
			isa = PBXGroup;
			children = (
				F48D995119C8B0A80062A5FA /* AppKit.framework */,
				F48D995219C8B0A80062A5FA /* CoreData.framework */,
				F48D995319C8B0A80062A5FA /* Foundation.framework */,
			);
			name = "Other Frameworks";
			sourceTree = "<group>";
		};
		F48D995419C8B0A80062A5FA /* ShazamScrobbler */ = {
			isa = PBXGroup;
			children = (
				F46C5D4B19E744B3003F57AF /* Controllers */,
				F46C5D4119E74459003F57AF /* Views */,
				F46C5D2B19E728FC003F57AF /* Models */,
				F46C5D3619E743E6003F57AF /* User Interface */,
				F47C96071BB33FAD004B1254 /* Images.xcassets */,
				F48D995519C8B0A90062A5FA /* Supporting Files */,
			);
			path = ShazamScrobbler;
			sourceTree = "<group>";
		};
		F48D995519C8B0A90062A5FA /* Supporting Files */ = {
			isa = PBXGroup;
			children = (
				F47C96111BB34171004B1254 /* Credits.rtf */,
				F47C96131BB34171004B1254 /* InfoPlist.strings */,
				F47C96091BB33FBB004B1254 /* ShazamScrobbler-Info.plist */,
				F47C960A1BB33FBB004B1254 /* ShazamScrobbler-Prefix.pch */,
				F47C960C1BB33FC1004B1254 /* main.m */,
			);
			name = "Supporting Files";
			sourceTree = "<group>";
		};
		F48D997219C8B0A90062A5FA /* ShazamScrobblerTests */ = {
			isa = PBXGroup;
			children = (
				F46159EA1BB343DA00AF80BC /* ShazamScrobblerTests.m */,
				F48D997319C8B0A90062A5FA /* Supporting Files */,
			);
			path = ShazamScrobblerTests;
			sourceTree = "<group>";
		};
		F48D997319C8B0A90062A5FA /* Supporting Files */ = {
			isa = PBXGroup;
			children = (
				F48D997419C8B0A90062A5FA /* ShazamScrobblerTests-Info.plist */,
				F48D997519C8B0A90062A5FA /* InfoPlist.strings */,
			);
			name = "Supporting Files";
			sourceTree = "<group>";
		};
		F4E4477D1BB5EDC100ABD578 /* AboutWindowController */ = {
			isa = PBXGroup;
			children = (
				F4E447781BB5EDBC00ABD578 /* AboutWindowController.h */,
				F4E447791BB5EDBC00ABD578 /* AboutWindowController.m */,
				F4E4477A1BB5EDBC00ABD578 /* AboutWindowController.xib */,
			);
			name = AboutWindowController;
			sourceTree = "<group>";
		};
		F4E4477E1BB600B000ABD578 /* LaunchAtLogin */ = {
			isa = PBXGroup;
			children = (
				F4E4477F1BB600D700ABD578 /* LaunchAtLoginController.h */,
				F4E447801BB600D700ABD578 /* LaunchAtLoginController.m */,
			);
			name = LaunchAtLogin;
			sourceTree = "<group>";
		};
/* End PBXGroup section */

/* Begin PBXNativeTarget section */
		F48D994A19C8B0A80062A5FA /* ShazamScrobbler */ = {
			isa = PBXNativeTarget;
			buildConfigurationList = F48D997C19C8B0A90062A5FA /* Build configuration list for PBXNativeTarget "ShazamScrobbler" */;
			buildPhases = (
				8274896D46C5065FD94A2D2B /* Check Pods Manifest.lock */,
				F48D994719C8B0A80062A5FA /* Sources */,
				F48D994819C8B0A80062A5FA /* Frameworks */,
				F48D994919C8B0A80062A5FA /* Resources */,
				4E2365EB37C8C03A30A2DDFA /* Copy Pods Resources */,
			);
			buildRules = (
			);
			dependencies = (
			);
			name = ShazamScrobbler;
			productName = ShazamScrobbler;
			productReference = F48D994B19C8B0A80062A5FA /* ShazamScrobbler.app */;
			productType = "com.apple.product-type.application";
		};
		F48D996B19C8B0A90062A5FA /* ShazamScrobblerTests */ = {
			isa = PBXNativeTarget;
			buildConfigurationList = F48D997F19C8B0A90062A5FA /* Build configuration list for PBXNativeTarget "ShazamScrobblerTests" */;
			buildPhases = (
				F48D996819C8B0A90062A5FA /* Sources */,
				F48D996919C8B0A90062A5FA /* Frameworks */,
				F48D996A19C8B0A90062A5FA /* Resources */,
			);
			buildRules = (
			);
			dependencies = (
				F48D997119C8B0A90062A5FA /* PBXTargetDependency */,
			);
			name = ShazamScrobblerTests;
			productName = ShazamScrobblerTests;
			productReference = F48D996C19C8B0A90062A5FA /* ShazamScrobblerTests.xctest */;
			productType = "com.apple.product-type.bundle.unit-test";
		};
/* End PBXNativeTarget section */

/* Begin PBXProject section */
		F48D994319C8B0A80062A5FA /* Project object */ = {
			isa = PBXProject;
			attributes = {
				LastUpgradeCheck = 0700;
				ORGANIZATIONNAME = "Stéphane Bruckert";
				TargetAttributes = {
					F48D996B19C8B0A90062A5FA = {
						TestTargetID = F48D994A19C8B0A80062A5FA;
					};
				};
			};
			buildConfigurationList = F48D994619C8B0A80062A5FA /* Build configuration list for PBXProject "ShazamScrobbler" */;
			compatibilityVersion = "Xcode 3.2";
			developmentRegion = English;
			hasScannedForEncodings = 0;
			knownRegions = (
				en,
				Base,
			);
			mainGroup = F48D994219C8B0A80062A5FA;
			productRefGroup = F48D994C19C8B0A80062A5FA /* Products */;
			projectDirPath = "";
			projectRoot = "";
			targets = (
				F48D994A19C8B0A80062A5FA /* ShazamScrobbler */,
				F48D996B19C8B0A90062A5FA /* ShazamScrobblerTests */,
			);
		};
/* End PBXProject section */

/* Begin PBXResourcesBuildPhase section */
		F48D994919C8B0A80062A5FA /* Resources */ = {
			isa = PBXResourcesBuildPhase;
			buildActionMask = 2147483647;
			files = (
				F46C01081BB34811007E4265 /* LoginViewController.xib in Resources */,
				F47C96161BB34171004B1254 /* InfoPlist.strings in Resources */,
				F4E4477C1BB5EDBC00ABD578 /* AboutWindowController.xib in Resources */,
				F47C96081BB33FAD004B1254 /* Images.xcassets in Resources */,
				F47C96151BB34171004B1254 /* Credits.rtf in Resources */,
				F47C96101BB3415B004B1254 /* MainMenu.xib in Resources */,
			);
			runOnlyForDeploymentPostprocessing = 0;
		};
		F48D996A19C8B0A90062A5FA /* Resources */ = {
			isa = PBXResourcesBuildPhase;
			buildActionMask = 2147483647;
			files = (
				F48D997719C8B0A90062A5FA /* InfoPlist.strings in Resources */,
			);
			runOnlyForDeploymentPostprocessing = 0;
		};
/* End PBXResourcesBuildPhase section */

/* Begin PBXShellScriptBuildPhase section */
		4E2365EB37C8C03A30A2DDFA /* Copy Pods Resources */ = {
			isa = PBXShellScriptBuildPhase;
			buildActionMask = 2147483647;
			files = (
			);
			inputPaths = (
			);
			name = "Copy Pods Resources";
			outputPaths = (
			);
			runOnlyForDeploymentPostprocessing = 0;
			shellPath = /bin/sh;
			shellScript = "\"${SRCROOT}/Pods/Target Support Files/Pods-ShazamScrobbler/Pods-ShazamScrobbler-resources.sh\"\n";
			showEnvVarsInLog = 0;
		};
		8274896D46C5065FD94A2D2B /* Check Pods Manifest.lock */ = {
			isa = PBXShellScriptBuildPhase;
			buildActionMask = 2147483647;
			files = (
			);
			inputPaths = (
			);
			name = "Check Pods Manifest.lock";
			outputPaths = (
			);
			runOnlyForDeploymentPostprocessing = 0;
			shellPath = /bin/sh;
			shellScript = "diff \"${PODS_ROOT}/../Podfile.lock\" \"${PODS_ROOT}/Manifest.lock\" > /dev/null\nif [[ $? != 0 ]] ; then\n    cat << EOM\nerror: The sandbox is not in sync with the Podfile.lock. Run 'pod install' or update your CocoaPods installation.\nEOM\n    exit 1\nfi\n";
			showEnvVarsInLog = 0;
		};
/* End PBXShellScriptBuildPhase section */

/* Begin PBXSourcesBuildPhase section */
		F48D994719C8B0A80062A5FA /* Sources */ = {
			isa = PBXSourcesBuildPhase;
			buildActionMask = 2147483647;
			files = (
				F47C960D1BB33FC1004B1254 /* main.m in Sources */,
				F47C96061BB33FA4004B1254 /* Song.m in Sources */,
				F47C96021BB33F95004B1254 /* LastFmConstants.m in Sources */,
				F47C95FD1BB33F8A004B1254 /* ShazamConstants.m in Sources */,
				F4E4477B1BB5EDBC00ABD578 /* AboutWindowController.m in Sources */,
				F47C95F71BB33F75004B1254 /* MenuController.m in Sources */,
				F47C95EF1BB33F5E004B1254 /* AppDelegate.m in Sources */,
				F4E447771BB5C89300ABD578 /* MenuConstants.m in Sources */,
				F47C95F31BB33F67004B1254 /* LoginViewController.m in Sources */,
				F4E447811BB600D700ABD578 /* LaunchAtLoginController.m in Sources */,
				F47C96031BB33F95004B1254 /* LastFmController.m in Sources */,
				F47C95FA1BB33F85004B1254 /* ShazamController.m in Sources */,
			);
			runOnlyForDeploymentPostprocessing = 0;
		};
		F48D996819C8B0A90062A5FA /* Sources */ = {
			isa = PBXSourcesBuildPhase;
			buildActionMask = 2147483647;
			files = (
				F46159EB1BB343DA00AF80BC /* ShazamScrobblerTests.m in Sources */,
			);
			runOnlyForDeploymentPostprocessing = 0;
		};
/* End PBXSourcesBuildPhase section */

/* Begin PBXTargetDependency section */
		F48D997119C8B0A90062A5FA /* PBXTargetDependency */ = {
			isa = PBXTargetDependency;
			target = F48D994A19C8B0A80062A5FA /* ShazamScrobbler */;
			targetProxy = F48D997019C8B0A90062A5FA /* PBXContainerItemProxy */;
		};
/* End PBXTargetDependency section */

/* Begin PBXVariantGroup section */
		F47C960E1BB3415B004B1254 /* MainMenu.xib */ = {
			isa = PBXVariantGroup;
			children = (
				F47C960F1BB3415B004B1254 /* Base */,
			);
			name = MainMenu.xib;
			sourceTree = "<group>";
		};
		F47C96111BB34171004B1254 /* Credits.rtf */ = {
			isa = PBXVariantGroup;
			children = (
				F47C96121BB34171004B1254 /* en */,
			);
			name = Credits.rtf;
			sourceTree = "<group>";
		};
		F47C96131BB34171004B1254 /* InfoPlist.strings */ = {
			isa = PBXVariantGroup;
			children = (
				F47C96141BB34171004B1254 /* en */,
			);
			name = InfoPlist.strings;
			sourceTree = "<group>";
		};
		F48D997519C8B0A90062A5FA /* InfoPlist.strings */ = {
			isa = PBXVariantGroup;
			children = (
				F48D997619C8B0A90062A5FA /* en */,
			);
			name = InfoPlist.strings;
			sourceTree = "<group>";
		};
/* End PBXVariantGroup section */

/* Begin XCBuildConfiguration section */
		F48D997A19C8B0A90062A5FA /* Debug */ = {
			isa = XCBuildConfiguration;
			buildSettings = {
				ALWAYS_SEARCH_USER_PATHS = NO;
				CLANG_CXX_LANGUAGE_STANDARD = "gnu++0x";
				CLANG_CXX_LIBRARY = "libc++";
				CLANG_ENABLE_MODULES = YES;
				CLANG_ENABLE_OBJC_ARC = YES;
				CLANG_WARN_BOOL_CONVERSION = YES;
				CLANG_WARN_CONSTANT_CONVERSION = YES;
				CLANG_WARN_DIRECT_OBJC_ISA_USAGE = YES_ERROR;
				CLANG_WARN_EMPTY_BODY = YES;
				CLANG_WARN_ENUM_CONVERSION = YES;
				CLANG_WARN_INT_CONVERSION = YES;
				CLANG_WARN_OBJC_ROOT_CLASS = YES_ERROR;
				CLANG_WARN__DUPLICATE_METHOD_MATCH = YES;
				COPY_PHASE_STRIP = NO;
				ENABLE_TESTABILITY = YES;
				GCC_C_LANGUAGE_STANDARD = gnu99;
				GCC_DYNAMIC_NO_PIC = NO;
				GCC_ENABLE_OBJC_EXCEPTIONS = YES;
				GCC_OPTIMIZATION_LEVEL = 0;
				GCC_PREPROCESSOR_DEFINITIONS = (
					"DEBUG=1",
					"$(inherited)",
				);
				GCC_SYMBOLS_PRIVATE_EXTERN = NO;
				GCC_WARN_64_TO_32_BIT_CONVERSION = YES;
				GCC_WARN_ABOUT_RETURN_TYPE = YES_ERROR;
				GCC_WARN_UNDECLARED_SELECTOR = YES;
				GCC_WARN_UNINITIALIZED_AUTOS = YES_AGGRESSIVE;
				GCC_WARN_UNUSED_FUNCTION = YES;
				GCC_WARN_UNUSED_VARIABLE = YES;
				MACOSX_DEPLOYMENT_TARGET = 10.9;
				ONLY_ACTIVE_ARCH = YES;
				SDKROOT = macosx;
			};
			name = Debug;
		};
		F48D997B19C8B0A90062A5FA /* Release */ = {
			isa = XCBuildConfiguration;
			buildSettings = {
				ALWAYS_SEARCH_USER_PATHS = NO;
				CLANG_CXX_LANGUAGE_STANDARD = "gnu++0x";
				CLANG_CXX_LIBRARY = "libc++";
				CLANG_ENABLE_MODULES = YES;
				CLANG_ENABLE_OBJC_ARC = YES;
				CLANG_WARN_BOOL_CONVERSION = YES;
				CLANG_WARN_CONSTANT_CONVERSION = YES;
				CLANG_WARN_DIRECT_OBJC_ISA_USAGE = YES_ERROR;
				CLANG_WARN_EMPTY_BODY = YES;
				CLANG_WARN_ENUM_CONVERSION = YES;
				CLANG_WARN_INT_CONVERSION = YES;
				CLANG_WARN_OBJC_ROOT_CLASS = YES_ERROR;
				CLANG_WARN__DUPLICATE_METHOD_MATCH = YES;
				COPY_PHASE_STRIP = YES;
				DEBUG_INFORMATION_FORMAT = "dwarf-with-dsym";
				ENABLE_NS_ASSERTIONS = NO;
				GCC_C_LANGUAGE_STANDARD = gnu99;
				GCC_ENABLE_OBJC_EXCEPTIONS = YES;
				GCC_WARN_64_TO_32_BIT_CONVERSION = YES;
				GCC_WARN_ABOUT_RETURN_TYPE = YES_ERROR;
				GCC_WARN_UNDECLARED_SELECTOR = YES;
				GCC_WARN_UNINITIALIZED_AUTOS = YES_AGGRESSIVE;
				GCC_WARN_UNUSED_FUNCTION = YES;
				GCC_WARN_UNUSED_VARIABLE = YES;
				MACOSX_DEPLOYMENT_TARGET = 10.9;
				SDKROOT = macosx;
			};
			name = Release;
		};
		F48D997D19C8B0A90062A5FA /* Debug */ = {
			isa = XCBuildConfiguration;
			baseConfigurationReference = 4B9E27D7E31129FA39066262 /* Pods-ShazamScrobbler.debug.xcconfig */;
			buildSettings = {
				ASSETCATALOG_COMPILER_APPICON_NAME = AppIcon;
				COMBINE_HIDPI_IMAGES = YES;
				GCC_PRECOMPILE_PREFIX_HEADER = YES;
				GCC_PREFIX_HEADER = "ShazamScrobbler/ShazamScrobbler-Prefix.pch";
				INFOPLIST_FILE = "ShazamScrobbler/ShazamScrobbler-Info.plist";
				PRODUCT_BUNDLE_IDENTIFIER = ShazamScrobbler;
				PRODUCT_NAME = "$(TARGET_NAME)";
				WRAPPER_EXTENSION = app;
			};
			name = Debug;
		};
		F48D997E19C8B0A90062A5FA /* Release */ = {
			isa = XCBuildConfiguration;
			baseConfigurationReference = 4BCA43A90BC62D978160565B /* Pods-ShazamScrobbler.release.xcconfig */;
			buildSettings = {
				ASSETCATALOG_COMPILER_APPICON_NAME = AppIcon;
				COMBINE_HIDPI_IMAGES = YES;
				GCC_PRECOMPILE_PREFIX_HEADER = YES;
				GCC_PREFIX_HEADER = "ShazamScrobbler/ShazamScrobbler-Prefix.pch";
				INFOPLIST_FILE = "ShazamScrobbler/ShazamScrobbler-Info.plist";
				PRODUCT_BUNDLE_IDENTIFIER = ShazamScrobbler;
				PRODUCT_NAME = "$(TARGET_NAME)";
				WRAPPER_EXTENSION = app;
			};
			name = Release;
		};
		F48D998019C8B0A90062A5FA /* Debug */ = {
			isa = XCBuildConfiguration;
			buildSettings = {
				BUNDLE_LOADER = "$(BUILT_PRODUCTS_DIR)/ShazamScrobbler.app/Contents/MacOS/ShazamScrobbler";
				COMBINE_HIDPI_IMAGES = YES;
				FRAMEWORK_SEARCH_PATHS = (
					"$(DEVELOPER_FRAMEWORKS_DIR)",
					"$(inherited)",
				);
				GCC_PRECOMPILE_PREFIX_HEADER = YES;
				GCC_PREFIX_HEADER = "ShazamScrobbler/ShazamScrobbler-Prefix.pch";
				GCC_PREPROCESSOR_DEFINITIONS = (
					"DEBUG=1",
					"$(inherited)",
				);
				INFOPLIST_FILE = "ShazamScrobblerTests/ShazamScrobblerTests-Info.plist";
				PRODUCT_BUNDLE_IDENTIFIER = "SB.${PRODUCT_NAME:rfc1034identifier}";
				PRODUCT_NAME = "$(TARGET_NAME)";
				TEST_HOST = "$(BUNDLE_LOADER)";
				WRAPPER_EXTENSION = xctest;
			};
			name = Debug;
		};
		F48D998119C8B0A90062A5FA /* Release */ = {
			isa = XCBuildConfiguration;
			buildSettings = {
				BUNDLE_LOADER = "$(BUILT_PRODUCTS_DIR)/ShazamScrobbler.app/Contents/MacOS/ShazamScrobbler";
				COMBINE_HIDPI_IMAGES = YES;
				FRAMEWORK_SEARCH_PATHS = (
					"$(DEVELOPER_FRAMEWORKS_DIR)",
					"$(inherited)",
				);
				GCC_PRECOMPILE_PREFIX_HEADER = YES;
				GCC_PREFIX_HEADER = "ShazamScrobbler/ShazamScrobbler-Prefix.pch";
				INFOPLIST_FILE = "ShazamScrobblerTests/ShazamScrobblerTests-Info.plist";
				PRODUCT_BUNDLE_IDENTIFIER = "SB.${PRODUCT_NAME:rfc1034identifier}";
				PRODUCT_NAME = "$(TARGET_NAME)";
				TEST_HOST = "$(BUNDLE_LOADER)";
				WRAPPER_EXTENSION = xctest;
			};
			name = Release;
		};
/* End XCBuildConfiguration section */

/* Begin XCConfigurationList section */
		F48D994619C8B0A80062A5FA /* Build configuration list for PBXProject "ShazamScrobbler" */ = {
			isa = XCConfigurationList;
			buildConfigurations = (
				F48D997A19C8B0A90062A5FA /* Debug */,
				F48D997B19C8B0A90062A5FA /* Release */,
			);
			defaultConfigurationIsVisible = 0;
			defaultConfigurationName = Release;
		};
		F48D997C19C8B0A90062A5FA /* Build configuration list for PBXNativeTarget "ShazamScrobbler" */ = {
			isa = XCConfigurationList;
			buildConfigurations = (
				F48D997D19C8B0A90062A5FA /* Debug */,
				F48D997E19C8B0A90062A5FA /* Release */,
			);
			defaultConfigurationIsVisible = 0;
			defaultConfigurationName = Release;
		};
		F48D997F19C8B0A90062A5FA /* Build configuration list for PBXNativeTarget "ShazamScrobblerTests" */ = {
			isa = XCConfigurationList;
			buildConfigurations = (
				F48D998019C8B0A90062A5FA /* Debug */,
				F48D998119C8B0A90062A5FA /* Release */,
			);
			defaultConfigurationIsVisible = 0;
			defaultConfigurationName = Release;
		};
/* End XCConfigurationList section */
	};
	rootObject = F48D994319C8B0A80062A5FA /* Project object */;
}
